// !$*UTF8*$!
{
	archiveVersion = 1;
	classes = {
	};
	objectVersion = 51;
	objects = {

/* Begin PBXBuildFile section */
		889EDB6EC77D61DBFEA6E4E4 /* Pods_Singleton_Net.framework in Frameworks */ = {isa = PBXBuildFile; fileRef = 9161A328465D41ADD97DFB68 /* Pods_Singleton_Net.framework */; };
		D5B55662256FC8EE00AA9F46 /* AppDelegate.swift in Sources */ = {isa = PBXBuildFile; fileRef = D5B55661256FC8EE00AA9F46 /* AppDelegate.swift */; };
		D5B55664256FC8EE00AA9F46 /* SceneDelegate.swift in Sources */ = {isa = PBXBuildFile; fileRef = D5B55663256FC8EE00AA9F46 /* SceneDelegate.swift */; };
		D5B55666256FC8EE00AA9F46 /* ViewController.swift in Sources */ = {isa = PBXBuildFile; fileRef = D5B55665256FC8EE00AA9F46 /* ViewController.swift */; };
		D5B55669256FC8EE00AA9F46 /* Main.storyboard in Resources */ = {isa = PBXBuildFile; fileRef = D5B55667256FC8EE00AA9F46 /* Main.storyboard */; };
		D5B5566B256FC8F200AA9F46 /* Assets.xcassets in Resources */ = {isa = PBXBuildFile; fileRef = D5B5566A256FC8F200AA9F46 /* Assets.xcassets */; };
		D5B5566E256FC8F200AA9F46 /* LaunchScreen.storyboard in Resources */ = {isa = PBXBuildFile; fileRef = D5B5566C256FC8F200AA9F46 /* LaunchScreen.storyboard */; };
/* End PBXBuildFile section */

/* Begin PBXFileReference section */
		46E48ABF82CBE33F761CA8DA /* Pods-Singleton&Net.release.xcconfig */ = {isa = PBXFileReference; includeInIndex = 1; lastKnownFileType = text.xcconfig; name = "Pods-Singleton&Net.release.xcconfig"; path = "Target Support Files/Pods-Singleton&Net/Pods-Singleton&Net.release.xcconfig"; sourceTree = "<group>"; };
		9161A328465D41ADD97DFB68 /* Pods_Singleton_Net.framework */ = {isa = PBXFileReference; explicitFileType = wrapper.framework; includeInIndex = 0; path = Pods_Singleton_Net.framework; sourceTree = BUILT_PRODUCTS_DIR; };
		BAACD205E9522C93D1A07427 /* Pods-Singleton&Net.debug.xcconfig */ = {isa = PBXFileReference; includeInIndex = 1; lastKnownFileType = text.xcconfig; name = "Pods-Singleton&Net.debug.xcconfig"; path = "Target Support Files/Pods-Singleton&Net/Pods-Singleton&Net.debug.xcconfig"; sourceTree = "<group>"; };
		D5B5565E256FC8EE00AA9F46 /* Singleton&Net.app */ = {isa = PBXFileReference; explicitFileType = wrapper.application; includeInIndex = 0; path = "Singleton&Net.app"; sourceTree = BUILT_PRODUCTS_DIR; };
		D5B55661256FC8EE00AA9F46 /* AppDelegate.swift */ = {isa = PBXFileReference; lastKnownFileType = sourcecode.swift; path = AppDelegate.swift; sourceTree = "<group>"; };
		D5B55663256FC8EE00AA9F46 /* SceneDelegate.swift */ = {isa = PBXFileReference; lastKnownFileType = sourcecode.swift; path = SceneDelegate.swift; sourceTree = "<group>"; };
		D5B55665256FC8EE00AA9F46 /* ViewController.swift */ = {isa = PBXFileReference; lastKnownFileType = sourcecode.swift; path = ViewController.swift; sourceTree = "<group>"; };
		D5B55668256FC8EE00AA9F46 /* Base */ = {isa = PBXFileReference; lastKnownFileType = file.storyboard; name = Base; path = Base.lproj/Main.storyboard; sourceTree = "<group>"; };
		D5B5566A256FC8F200AA9F46 /* Assets.xcassets */ = {isa = PBXFileReference; lastKnownFileType = folder.assetcatalog; path = Assets.xcassets; sourceTree = "<group>"; };
		D5B5566D256FC8F200AA9F46 /* Base */ = {isa = PBXFileReference; lastKnownFileType = file.storyboard; name = Base; path = Base.lproj/LaunchScreen.storyboard; sourceTree = "<group>"; };
		D5B5566F256FC8F200AA9F46 /* Info.plist */ = {isa = PBXFileReference; lastKnownFileType = text.plist.xml; path = Info.plist; sourceTree = "<group>"; };
/* End PBXFileReference section */

/* Begin PBXFrameworksBuildPhase section */
		D5B5565B256FC8EE00AA9F46 /* Frameworks */ = {
			isa = PBXFrameworksBuildPhase;
			buildActionMask = 2147483647;
			files = (
				889EDB6EC77D61DBFEA6E4E4 /* Pods_Singleton_Net.framework in Frameworks */,
			);
			runOnlyForDeploymentPostprocessing = 0;
		};
/* End PBXFrameworksBuildPhase section */

/* Begin PBXGroup section */
		5AB1605D8A191BD4F3C10077 /* Pods */ = {
			isa = PBXGroup;
			children = (
				BAACD205E9522C93D1A07427 /* Pods-Singleton&Net.debug.xcconfig */,
				46E48ABF82CBE33F761CA8DA /* Pods-Singleton&Net.release.xcconfig */,
			);
			path = Pods;
			sourceTree = "<group>";
		};
		B17661B843D0CA424192C828 /* Frameworks */ = {
			isa = PBXGroup;
			children = (
				9161A328465D41ADD97DFB68 /* Pods_Singleton_Net.framework */,
			);
			name = Frameworks;
			sourceTree = "<group>";
		};
		D5B55655256FC8EE00AA9F46 = {
			isa = PBXGroup;
			children = (
				D5B55660256FC8EE00AA9F46 /* Singleton&Net */,
				D5B5565F256FC8EE00AA9F46 /* Products */,
				5AB1605D8A191BD4F3C10077 /* Pods */,
				B17661B843D0CA424192C828 /* Frameworks */,
			);
			sourceTree = "<group>";
		};
		D5B5565F256FC8EE00AA9F46 /* Products */ = {
			isa = PBXGroup;
			children = (
				D5B5565E256FC8EE00AA9F46 /* Singleton&Net.app */,
			);
			name = Products;
			sourceTree = "<group>";
		};
		D5B55660256FC8EE00AA9F46 /* Singleton&Net */ = {
			isa = PBXGroup;
			children = (
				D5B5568D256FD88100AA9F46 /* Main */,
				D5B55667256FC8EE00AA9F46 /* Main.storyboard */,
				D5B5568E256FD89000AA9F46 /* Other */,
				D5B5566F256FC8F200AA9F46 /* Info.plist */,
			);
			path = "Singleton&Net";
			sourceTree = "<group>";
		};
		D5B5568D256FD88100AA9F46 /* Main */ = {
			isa = PBXGroup;
			children = (
				D5B55665256FC8EE00AA9F46 /* ViewController.swift */,
			);
			path = Main;
			sourceTree = "<group>";
		};
		D5B5568E256FD89000AA9F46 /* Other */ = {
			isa = PBXGroup;
			children = (
				D5B5566C256FC8F200AA9F46 /* LaunchScreen.storyboard */,
				D5B55663256FC8EE00AA9F46 /* SceneDelegate.swift */,
				D5B55661256FC8EE00AA9F46 /* AppDelegate.swift */,
				D5B5566A256FC8F200AA9F46 /* Assets.xcassets */,
			);
			path = Other;
			sourceTree = "<group>";
		};
/* End PBXGroup section */

/* Begin PBXNativeTarget section */
		D5B5565D256FC8EE00AA9F46 /* Singleton&Net */ = {
			isa = PBXNativeTarget;
			buildConfigurationList = D5B55672256FC8F200AA9F46 /* Build configuration list for PBXNativeTarget "Singleton&Net" */;
			buildPhases = (
				BF3F42493429E679545D1865 /* [CP] Check Pods Manifest.lock */,
				D5B5565A256FC8EE00AA9F46 /* Sources */,
				D5B5565B256FC8EE00AA9F46 /* Frameworks */,
				D5B5565C256FC8EE00AA9F46 /* Resources */,
				EBAEE5E206912B532B31465F /* [CP] Embed Pods Frameworks */,
			);
			buildRules = (
			);
			dependencies = (
			);
			name = "Singleton&Net";
			productName = "Singleton&Net";
			productReference = D5B5565E256FC8EE00AA9F46 /* Singleton&Net.app */;
			productType = "com.apple.product-type.application";
		};
/* End PBXNativeTarget section */

/* Begin PBXProject section */
		D5B55656256FC8EE00AA9F46 /* Project object */ = {
			isa = PBXProject;
			attributes = {
				LastSwiftUpdateCheck = 1200;
				LastUpgradeCheck = 1200;
				TargetAttributes = {
					D5B5565D256FC8EE00AA9F46 = {
						CreatedOnToolsVersion = 12.0;
					};
				};
			};
			buildConfigurationList = D5B55659256FC8EE00AA9F46 /* Build configuration list for PBXProject "Singleton&Net" */;
			compatibilityVersion = "Xcode 9.3";
			developmentRegion = en;
			hasScannedForEncodings = 0;
			knownRegions = (
				en,
				Base,
			);
			mainGroup = D5B55655256FC8EE00AA9F46;
			productRefGroup = D5B5565F256FC8EE00AA9F46 /* Products */;
			projectDirPath = "";
			projectRoot = "";
			targets = (
				D5B5565D256FC8EE00AA9F46 /* Singleton&Net */,
			);
		};
/* End PBXProject section */

/* Begin PBXResourcesBuildPhase section */
		D5B5565C256FC8EE00AA9F46 /* Resources */ = {
			isa = PBXResourcesBuildPhase;
			buildActionMask = 2147483647;
			files = (
				D5B5566E256FC8F200AA9F46 /* LaunchScreen.storyboard in Resources */,
				D5B5566B256FC8F200AA9F46 /* Assets.xcassets in Resources */,
				D5B55669256FC8EE00AA9F46 /* Main.storyboard in Resources */,
			);
			runOnlyForDeploymentPostprocessing = 0;
		};
/* End PBXResourcesBuildPhase section */

/* Begin PBXShellScriptBuildPhase section */
		BF3F42493429E679545D1865 /* [CP] Check Pods Manifest.lock */ = {
			isa = PBXShellScriptBuildPhase;
			buildActionMask = 2147483647;
			files = (
			);
			inputFileListPaths = (
			);
			inputPaths = (
				"${PODS_PODFILE_DIR_PATH}/Podfile.lock",
				"${PODS_ROOT}/Manifest.lock",
			);
			name = "[CP] Check Pods Manifest.lock";
			outputFileListPaths = (
			);
			outputPaths = (
				"$(DERIVED_FILE_DIR)/Pods-Singleton&Net-checkManifestLockResult.txt",
			);
			runOnlyForDeploymentPostprocessing = 0;
			shellPath = /bin/sh;
			shellScript = "diff \"${PODS_PODFILE_DIR_PATH}/Podfile.lock\" \"${PODS_ROOT}/Manifest.lock\" > /dev/null\nif [ $? != 0 ] ; then\n    # print error to STDERR\n    echo \"error: The sandbox is not in sync with the Podfile.lock. Run 'pod install' or update your CocoaPods installation.\" >&2\n    exit 1\nfi\n# This output is used by Xcode 'outputs' to avoid re-running this script phase.\necho \"SUCCESS\" > \"${SCRIPT_OUTPUT_FILE_0}\"\n";
			showEnvVarsInLog = 0;
		};
		EBAEE5E206912B532B31465F /* [CP] Embed Pods Frameworks */ = {
			isa = PBXShellScriptBuildPhase;
			buildActionMask = 2147483647;
			files = (
			);
			inputFileListPaths = (
				"${PODS_ROOT}/Target Support Files/Pods-Singleton&Net/Pods-Singleton&Net-frameworks-${CONFIGURATION}-input-files.xcfilelist",
			);
			name = "[CP] Embed Pods Frameworks";
			outputFileListPaths = (
				"${PODS_ROOT}/Target Support Files/Pods-Singleton&Net/Pods-Singleton&Net-frameworks-${CONFIGURATION}-output-files.xcfilelist",
			);
			runOnlyForDeploymentPostprocessing = 0;
			shellPath = /bin/sh;
			shellScript = "\"${PODS_ROOT}/Target Support Files/Pods-Singleton&Net/Pods-Singleton&Net-frameworks.sh\"\n";
			showEnvVarsInLog = 0;
		};
/* End PBXShellScriptBuildPhase section */

/* Begin PBXSourcesBuildPhase section */
		D5B5565A256FC8EE00AA9F46 /* Sources */ = {
			isa = PBXSourcesBuildPhase;
			buildActionMask = 2147483647;
			files = (
				D5B55666256FC8EE00AA9F46 /* ViewController.swift in Sources */,
				D5B55662256FC8EE00AA9F46 /* AppDelegate.swift in Sources */,
				D5B55664256FC8EE00AA9F46 /* SceneDelegate.swift in Sources */,
			);
			runOnlyForDeploymentPostprocessing = 0;
		};
/* End PBXSourcesBuildPhase section */

/* Begin PBXVariantGroup section */
		D5B55667256FC8EE00AA9F46 /* Main.storyboard */ = {
			isa = PBXVariantGroup;
			children = (
				D5B55668256FC8EE00AA9F46 /* Base */,
			);
			name = Main.storyboard;
			sourceTree = "<group>";
		};
		D5B5566C256FC8F200AA9F46 /* LaunchScreen.storyboard */ = {
			isa = PBXVariantGroup;
			children = (
				D5B5566D256FC8F200AA9F46 /* Base */,
			);
			name = LaunchScreen.storyboard;
			sourceTree = "<group>";
		};
/* End PBXVariantGroup section */

/* Begin XCBuildConfiguration section */
		D5B55670256FC8F200AA9F46 /* Debug */ = {
			isa = XCBuildConfiguration;
			buildSettings = {
				ALWAYS_SEARCH_USER_PATHS = NO;
				CLANG_ANALYZER_NONNULL = YES;
				CLANG_ANALYZER_NUMBER_OBJECT_CONVERSION = YES_AGGRESSIVE;
				CLANG_CXX_LANGUAGE_STANDARD = "gnu++14";
				CLANG_CXX_LIBRARY = "libc++";
				CLANG_ENABLE_MODULES = YES;
				CLANG_ENABLE_OBJC_ARC = YES;
				CLANG_ENABLE_OBJC_WEAK = YES;
				CLANG_WARN_BLOCK_CAPTURE_AUTORELEASING = YES;
				CLANG_WARN_BOOL_CONVERSION = YES;
				CLANG_WARN_COMMA = YES;
				CLANG_WARN_CONSTANT_CONVERSION = YES;
				CLANG_WARN_DEPRECATED_OBJC_IMPLEMENTATIONS = YES;
				CLANG_WARN_DIRECT_OBJC_ISA_USAGE = YES_ERROR;
				CLANG_WARN_DOCUMENTATION_COMMENTS = YES;
				CLANG_WARN_EMPTY_BODY = YES;
				CLANG_WARN_ENUM_CONVERSION = YES;
				CLANG_WARN_INFINITE_RECURSION = YES;
				CLANG_WARN_INT_CONVERSION = YES;
				CLANG_WARN_NON_LITERAL_NULL_CONVERSION = YES;
				CLANG_WARN_OBJC_IMPLICIT_RETAIN_SELF = YES;
				CLANG_WARN_OBJC_LITERAL_CONVERSION = YES;
				CLANG_WARN_OBJC_ROOT_CLASS = YES_ERROR;
				CLANG_WARN_QUOTED_INCLUDE_IN_FRAMEWORK_HEADER = YES;
				CLANG_WARN_RANGE_LOOP_ANALYSIS = YES;
				CLANG_WARN_STRICT_PROTOTYPES = YES;
				CLANG_WARN_SUSPICIOUS_MOVE = YES;
				CLANG_WARN_UNGUARDED_AVAILABILITY = YES_AGGRESSIVE;
				CLANG_WARN_UNREACHABLE_CODE = YES;
				CLANG_WARN__DUPLICATE_METHOD_MATCH = YES;
				COPY_PHASE_STRIP = NO;
				DEBUG_INFORMATION_FORMAT = dwarf;
				ENABLE_STRICT_OBJC_MSGSEND = YES;
				ENABLE_TESTABILITY = YES;
				GCC_C_LANGUAGE_STANDARD = gnu11;
				GCC_DYNAMIC_NO_PIC = NO;
				GCC_NO_COMMON_BLOCKS = YES;
				GCC_OPTIMIZATION_LEVEL = 0;
				GCC_PREPROCESSOR_DEFINITIONS = (
					"DEBUG=1",
					"$(inherited)",
				);
				GCC_WARN_64_TO_32_BIT_CONVERSION = YES;
				GCC_WARN_ABOUT_RETURN_TYPE = YES_ERROR;
				GCC_WARN_UNDECLARED_SELECTOR = YES;
				GCC_WARN_UNINITIALIZED_AUTOS = YES_AGGRESSIVE;
				GCC_WARN_UNUSED_FUNCTION = YES;
				GCC_WARN_UNUSED_VARIABLE = YES;
				IPHONEOS_DEPLOYMENT_TARGET = 14.0;
				MTL_ENABLE_DEBUG_INFO = INCLUDE_SOURCE;
				MTL_FAST_MATH = YES;
				ONLY_ACTIVE_ARCH = YES;
				SDKROOT = iphoneos;
				SWIFT_ACTIVE_COMPILATION_CONDITIONS = DEBUG;
				SWIFT_OPTIMIZATION_LEVEL = "-Onone";
			};
			name = Debug;
		};
		D5B55671256FC8F200AA9F46 /* Release */ = {
			isa = XCBuildConfiguration;
			buildSettings = {
				ALWAYS_SEARCH_USER_PATHS = NO;
				CLANG_ANALYZER_NONNULL = YES;
				CLANG_ANALYZER_NUMBER_OBJECT_CONVERSION = YES_AGGRESSIVE;
				CLANG_CXX_LANGUAGE_STANDARD = "gnu++14";
				CLANG_CXX_LIBRARY = "libc++";
				CLANG_ENABLE_MODULES = YES;
				CLANG_ENABLE_OBJC_ARC = YES;
				CLANG_ENABLE_OBJC_WEAK = YES;
				CLANG_WARN_BLOCK_CAPTURE_AUTORELEASING = YES;
				CLANG_WARN_BOOL_CONVERSION = YES;
				CLANG_WARN_COMMA = YES;
				CLANG_WARN_CONSTANT_CONVERSION = YES;
				CLANG_WARN_DEPRECATED_OBJC_IMPLEMENTATIONS = YES;
				CLANG_WARN_DIRECT_OBJC_ISA_USAGE = YES_ERROR;
				CLANG_WARN_DOCUMENTATION_COMMENTS = YES;
				CLANG_WARN_EMPTY_BODY = YES;
				CLANG_WARN_ENUM_CONVERSION = YES;
				CLANG_WARN_INFINITE_RECURSION = YES;
				CLANG_WARN_INT_CONVERSION = YES;
				CLANG_WARN_NON_LITERAL_NULL_CONVERSION = YES;
				CLANG_WARN_OBJC_IMPLICIT_RETAIN_SELF = YES;
				CLANG_WARN_OBJC_LITERAL_CONVERSION = YES;
				CLANG_WARN_OBJC_ROOT_CLASS = YES_ERROR;
				CLANG_WARN_QUOTED_INCLUDE_IN_FRAMEWORK_HEADER = YES;
				CLANG_WARN_RANGE_LOOP_ANALYSIS = YES;
				CLANG_WARN_STRICT_PROTOTYPES = YES;
				CLANG_WARN_SUSPICIOUS_MOVE = YES;
				CLANG_WARN_UNGUARDED_AVAILABILITY = YES_AGGRESSIVE;
				CLANG_WARN_UNREACHABLE_CODE = YES;
				CLANG_WARN__DUPLICATE_METHOD_MATCH = YES;
				COPY_PHASE_STRIP = NO;
				DEBUG_INFORMATION_FORMAT = "dwarf-with-dsym";
				ENABLE_NS_ASSERTIONS = NO;
				ENABLE_STRICT_OBJC_MSGSEND = YES;
				GCC_C_LANGUAGE_STANDARD = gnu11;
				GCC_NO_COMMON_BLOCKS = YES;
				GCC_WARN_64_TO_32_BIT_CONVERSION = YES;
				GCC_WARN_ABOUT_RETURN_TYPE = YES_ERROR;
				GCC_WARN_UNDECLARED_SELECTOR = YES;
				GCC_WARN_UNINITIALIZED_AUTOS = YES_AGGRESSIVE;
				GCC_WARN_UNUSED_FUNCTION = YES;
				GCC_WARN_UNUSED_VARIABLE = YES;
				IPHONEOS_DEPLOYMENT_TARGET = 14.0;
				MTL_ENABLE_DEBUG_INFO = NO;
				MTL_FAST_MATH = YES;
				SDKROOT = iphoneos;
				SWIFT_COMPILATION_MODE = wholemodule;
				SWIFT_OPTIMIZATION_LEVEL = "-O";
				VALIDATE_PRODUCT = YES;
			};
			name = Release;
		};
		D5B55673256FC8F200AA9F46 /* Debug */ = {
			isa = XCBuildConfiguration;
			baseConfigurationReference = BAACD205E9522C93D1A07427 /* Pods-Singleton&Net.debug.xcconfig */;
			buildSettings = {
				ASSETCATALOG_COMPILER_APPICON_NAME = AppIcon;
				ASSETCATALOG_COMPILER_GLOBAL_ACCENT_COLOR_NAME = AccentColor;
				CODE_SIGN_STYLE = Automatic;
				DEVELOPMENT_TEAM = 4P2H6D9L7L;
				INFOPLIST_FILE = "Singleton&Net/Info.plist";
				LD_RUNPATH_SEARCH_PATHS = (
					"$(inherited)",
					"@executable_path/Frameworks",
				);
				PRODUCT_BUNDLE_IDENTIFIER = "com.Ilstud.Singleton-Net";
				PRODUCT_NAME = "$(TARGET_NAME)";
				SWIFT_VERSION = 5.0;
				TARGETED_DEVICE_FAMILY = "1,2";
			};
			name = Debug;
		};
		D5B55674256FC8F200AA9F46 /* Release */ = {
			isa = XCBuildConfiguration;
			baseConfigurationReference = 46E48ABF82CBE33F761CA8DA /* Pods-Singleton&Net.release.xcconfig */;
			buildSettings = {
				ASSETCATALOG_COMPILER_APPICON_NAME = AppIcon;
				ASSETCATALOG_COMPILER_GLOBAL_ACCENT_COLOR_NAME = AccentColor;
				CODE_SIGN_STYLE = Automatic;
				DEVELOPMENT_TEAM = 4P2H6D9L7L;
				INFOPLIST_FILE = "Singleton&Net/Info.plist";
				LD_RUNPATH_SEARCH_PATHS = (
					"$(inherited)",
					"@executable_path/Frameworks",
				);
				PRODUCT_BUNDLE_IDENTIFIER = "com.Ilstud.Singleton-Net";
				PRODUCT_NAME = "$(TARGET_NAME)";
				SWIFT_VERSION = 5.0;
				TARGETED_DEVICE_FAMILY = "1,2";
			};
			name = Release;
		};
/* End XCBuildConfiguration section */

/* Begin XCConfigurationList section */
		D5B55659256FC8EE00AA9F46 /* Build configuration list for PBXProject "Singleton&Net" */ = {
			isa = XCConfigurationList;
			buildConfigurations = (
				D5B55670256FC8F200AA9F46 /* Debug */,
				D5B55671256FC8F200AA9F46 /* Release */,
			);
			defaultConfigurationIsVisible = 0;
			defaultConfigurationName = Release;
		};
		D5B55672256FC8F200AA9F46 /* Build configuration list for PBXNativeTarget "Singleton&Net" */ = {
			isa = XCConfigurationList;
			buildConfigurations = (
				D5B55673256FC8F200AA9F46 /* Debug */,
				D5B55674256FC8F200AA9F46 /* Release */,
			);
			defaultConfigurationIsVisible = 0;
			defaultConfigurationName = Release;
		};
/* End XCConfigurationList section */
	};
	rootObject = D5B55656256FC8EE00AA9F46 /* Project object */;
}
